
Microsoft Visual Studio Solution File, Format Version 12.00
# Visual Studio Version 17
VisualStudioVersion = 17.13.35931.197 d17.13
MinimumVisualStudioVersion = 10.0.40219.1
Project("{FAE04EC0-301F-11D3-BF4B-00C04F79EFBC}") = "CURDusingMVC", "CURDusingMVC\CURDusingMVC.csproj", "{A323D290-1E81-4A8B-815F-D7B1CD0AC24C}"
EndProject
Global
	GlobalSection(SolutionConfigurationPlatforms) = preSolution
		Debug|Any CPU = Debug|Any CPU
		Release|Any CPU = Release|Any CPU
	EndGlobalSection
	GlobalSection(ProjectConfigurationPlatforms) = postSolution
		{A323D290-1E81-4A8B-815F-D7B1CD0AC24C}.Debug|Any CPU.ActiveCfg = Debug|Any CPU
		{A323D290-1E81-4A8B-815F-D7B1CD0AC24C}.Debug|Any CPU.Build.0 = Debug|Any CPU
		{A323D290-1E81-4A8B-815F-D7B1CD0AC24C}.Release|Any CPU.ActiveCfg = Release|Any CPU
		{A323D290-1E81-4A8B-815F-D7B1CD0AC24C}.Release|Any CPU.Build.0 = Release|Any CPU
	EndGlobalSection
	GlobalSection(SolutionProperties) = preSolution
		HideSolutionNode = FALSE
	EndGlobalSection
	GlobalSection(ExtensibilityGlobals) = postSolution
		SolutionGuid = {CFF5E6D0-94CF-41BF-9504-F4B5851060A3}
	EndGlobalSection
EndGlobal
